{
  "name": "automation-tests",
  "version": "1.0.0",
  "lockfileVersion": 1,
  "requires": true,
  "dependencies": {
    "@types/jasmine": {
      "version": "2.8.8",
      "resolved": "http://artifactory-prd.prd.betfair/artifactory/api/npm/npm/@types/jasmine/-/jasmine-2.8.8.tgz",
      "integrity": "sha1-v1On0ZPqiwOGeji/20+7DgvwZsk="
    },
    "@types/node": {
      "version": "10.3.2",
      "resolved": "http://artifactory-prd.prd.betfair/artifactory/api/npm/npm/@types/node/-/node-10.3.2.tgz",
      "integrity": "sha1-OEDsbBJVb92m4ObQNt+FMQHXMqQ="
    },
    "@types/webdriverio": {
      "version": "4.10.2",
      "resolved": "http://artifactory-prd.prd.betfair/artifactory/api/npm/npm/@types/webdriverio/-/webdriverio-4.10.2.tgz",
      "integrity": "sha1-A9N3YE0a0yCKmxURY+qmttWxri0=",
      "requires": {
        "@types/node": "10.3.2"
      }
    },
    "ajv": {
      "version": "5.5.2",
      "resolved": "http://artifactory-prd.prd.betfair/artifactory/api/npm/npm/ajv/-/ajv-5.5.2.tgz",
      "integrity": "sha1-c7Xuyj+rZT49P5Qis0GtQiBdyWU=",
      "requires": {
        "co": "4.6.0",
        "fast-deep-equal": "1.1.0",
        "fast-json-stable-stringify": "2.0.0",
        "json-schema-traverse": "0.3.1"
      }
    },
    "amdefine": {
      "version": "1.0.1",
      "resolved": "http://artifactory-prd.prd.betfair/artifactory/api/npm/npm/amdefine/-/amdefine-1.0.1.tgz",
      "integrity": "sha1-SlKCrBZHKek2Gbz9OtFR+BfOkfU="
    },
    "ansi-escapes": {
      "version": "3.1.0",
      "resolved": "http://artifactory-prd.prd.betfair/artifactory/api/npm/npm/ansi-escapes/-/ansi-escapes-3.1.0.tgz",
      "integrity": "sha1-9zIHu4EgfXX9bIPxJa8m7qN4yjA="
    },
    "ansi-regex": {
      "version": "3.0.0",
      "resolved": "http://artifactory-prd.prd.betfair/artifactory/api/npm/npm/ansi-regex/-/ansi-regex-3.0.0.tgz",
      "integrity": "sha1-7QMXwyIGT3lGbAKWa922Bas32Zg="
    },
    "ansi-styles": {
      "version": "3.2.1",
      "resolved": "http://artifactory-prd.prd.betfair/artifactory/api/npm/npm/ansi-styles/-/ansi-styles-3.2.1.tgz",
      "integrity": "sha1-QfuyAkPlCxK+DwS43tvwdSDOhB0=",
      "requires": {
        "color-convert": "1.9.2"
      }
    },
    "archiver": {
      "version": "2.1.1",
      "resolved": "http://artifactory-prd.prd.betfair/artifactory/api/npm/npm/archiver/-/archiver-2.1.1.tgz",
      "integrity": "sha1-/2YrSnggFJSj7lRNOjP+dJZQnrw=",
      "requires": {
        "archiver-utils": "1.3.0",
        "async": "2.6.1",
        "buffer-crc32": "0.2.13",
        "glob": "7.1.2",
        "lodash": "4.17.10",
        "readable-stream": "2.3.6",
        "tar-stream": "1.6.1",
        "zip-stream": "1.2.0"
      }
    },
    "archiver-utils": {
      "version": "1.3.0",
      "resolved": "http://artifactory-prd.prd.betfair/artifactory/api/npm/npm/archiver-utils/-/archiver-utils-1.3.0.tgz",
      "integrity": "sha1-5QtMCccL89aA4y/xt5lOn52JUXQ=",
      "requires": {
        "glob": "7.1.2",
        "graceful-fs": "4.1.11",
        "lazystream": "1.0.0",
        "lodash": "4.17.10",
        "normalize-path": "2.1.1",
        "readable-stream": "2.3.6"
      }
    },
    "arrify": {
      "version": "1.0.1",
      "resolved": "http://artifactory-prd.prd.betfair/artifactory/api/npm/npm/arrify/-/arrify-1.0.1.tgz",
      "integrity": "sha1-iYUI2iIm84DfkEcoRWhJwVAaSw0="
    },
    "asn1": {
      "version": "0.2.3",
      "resolved": "http://artifactory-prd.prd.betfair/artifactory/api/npm/npm/asn1/-/asn1-0.2.3.tgz",
      "integrity": "sha1-2sh4dxPJlmhJ/IGAd36+nB3fO4Y="
    },
    "assert-plus": {
      "version": "1.0.0",
      "resolved": "http://artifactory-prd.prd.betfair/artifactory/api/npm/npm/assert-plus/-/assert-plus-1.0.0.tgz",
      "integrity": "sha1-8S4PPF13sLHN2RRpQuTpbB5N1SU="
    },
    "async": {
      "version": "2.6.1",
      "resolved": "http://artifactory-prd.prd.betfair/artifactory/api/npm/npm/async/-/async-2.6.1.tgz",
      "integrity": "sha1-skWiPKcZMAROxT+kaqAKPofGphA=",
      "requires": {
        "lodash": "4.17.10"
      }
    },
    "asynckit": {
      "version": "0.4.0",
      "resolved": "http://artifactory-prd.prd.betfair/artifactory/api/npm/npm/asynckit/-/asynckit-0.4.0.tgz",
      "integrity": "sha1-x57Zf380y48robyXkLzDZkdLS3k="
    },
    "atob": {
      "version": "2.1.1",
      "resolved": "http://artifactory-prd.prd.betfair/artifactory/api/npm/npm/atob/-/atob-2.1.1.tgz",
      "integrity": "sha1-ri1acpR38onWDdf5amMUoi3Wwio="
    },
    "aws-sign2": {
      "version": "0.7.0",
      "resolved": "http://artifactory-prd.prd.betfair/artifactory/api/npm/npm/aws-sign2/-/aws-sign2-0.7.0.tgz",
      "integrity": "sha1-tG6JCTSpWR8tL2+G1+ap8bP+dqg="
    },
    "aws4": {
      "version": "1.7.0",
      "resolved": "http://artifactory-prd.prd.betfair/artifactory/api/npm/npm/aws4/-/aws4-1.7.0.tgz",
      "integrity": "sha1-1NDpudv8p3vwjusKikcVUP454ok="
    },
    "babel-runtime": {
      "version": "6.26.0",
      "resolved": "http://artifactory-prd.prd.betfair/artifactory/api/npm/npm/babel-runtime/-/babel-runtime-6.26.0.tgz",
      "integrity": "sha1-llxwWGaOgrVde/4E/yM3vItWR/4=",
      "requires": {
        "core-js": "2.5.7",
        "regenerator-runtime": "0.11.1"
      }
    },
    "balanced-match": {
      "version": "1.0.0",
      "resolved": "http://artifactory-prd.prd.betfair/artifactory/api/npm/npm/balanced-match/-/balanced-match-1.0.0.tgz",
      "integrity": "sha1-ibTRmasr7kneFk6gK4nORi1xt2c="
    },
    "bcrypt-pbkdf": {
      "version": "1.0.1",
      "resolved": "http://artifactory-prd.prd.betfair/artifactory/api/npm/npm/bcrypt-pbkdf/-/bcrypt-pbkdf-1.0.1.tgz",
      "integrity": "sha1-Y7xdy2EzG5K8Bf1SiVPDNGKgb40=",
      "optional": true,
      "requires": {
        "tweetnacl": "0.14.5"
      }
    },
    "bl": {
      "version": "1.2.2",
      "resolved": "http://artifactory-prd.prd.betfair/artifactory/api/npm/npm/bl/-/bl-1.2.2.tgz",
      "integrity": "sha1-oWCRFxcQPAdBDO9j71Gzl8Alr5w=",
      "requires": {
        "readable-stream": "2.3.6",
        "safe-buffer": "5.1.2"
      }
    },
    "boom": {
      "version": "4.3.1",
      "resolved": "http://artifactory-prd.prd.betfair/artifactory/api/npm/npm/boom/-/boom-4.3.1.tgz",
      "integrity": "sha1-T4owBctKfjiJ90kDD9JbluAdLjE=",
      "requires": {
        "hoek": "4.2.1"
      }
    },
    "brace-expansion": {
      "version": "1.1.11",
      "resolved": "http://artifactory-prd.prd.betfair/artifactory/api/npm/npm/brace-expansion/-/brace-expansion-1.1.11.tgz",
      "integrity": "sha1-PH/L9SnYcibz0vUrlm/1Jx60Qd0=",
      "requires": {
        "balanced-match": "1.0.0",
        "concat-map": "0.0.1"
      }
    },
    "buffer-alloc": {
      "version": "1.2.0",
      "resolved": "http://artifactory-prd.prd.betfair/artifactory/api/npm/npm/buffer-alloc/-/buffer-alloc-1.2.0.tgz",
      "integrity": "sha1-iQ3ZDZI6hz4I4Q5f1RpX5bfM4Ow=",
      "requires": {
        "buffer-alloc-unsafe": "1.1.0",
        "buffer-fill": "1.0.0"
      }
    },
    "buffer-alloc-unsafe": {
      "version": "1.1.0",
      "resolved": "http://artifactory-prd.prd.betfair/artifactory/api/npm/npm/buffer-alloc-unsafe/-/buffer-alloc-unsafe-1.1.0.tgz",
      "integrity": "sha1-vX3CauKXLQ7aJTvgYdupkjScGfA="
    },
    "buffer-crc32": {
      "version": "0.2.13",
      "resolved": "http://artifactory-prd.prd.betfair/artifactory/api/npm/npm/buffer-crc32/-/buffer-crc32-0.2.13.tgz",
      "integrity": "sha1-DTM+PwDqxQqhRUq9MO+MKl2ackI="
    },
    "buffer-fill": {
      "version": "1.0.0",
      "resolved": "http://artifactory-prd.prd.betfair/artifactory/api/npm/npm/buffer-fill/-/buffer-fill-1.0.0.tgz",
      "integrity": "sha1-+PeLdniYiO858gXNY39o5wISKyw="
    },
    "buffer-from": {
      "version": "1.1.0",
      "resolved": "http://artifactory-prd.prd.betfair/artifactory/api/npm/npm/buffer-from/-/buffer-from-1.1.0.tgz",
      "integrity": "sha1-h/yqOimDWOCt5uRCz86EB0DRrQQ="
    },
    "caseless": {
      "version": "0.12.0",
      "resolved": "http://artifactory-prd.prd.betfair/artifactory/api/npm/npm/caseless/-/caseless-0.12.0.tgz",
      "integrity": "sha1-G2gcIf+EAzyCZUMJBolCDRhxUdw="
    },
    "chalk": {
      "version": "2.4.1",
      "resolved": "http://artifactory-prd.prd.betfair/artifactory/api/npm/npm/chalk/-/chalk-2.4.1.tgz",
      "integrity": "sha1-GMSasWoDe26wFSzIPjRxM4IVtm4=",
      "requires": {
        "ansi-styles": "3.2.1",
        "escape-string-regexp": "1.0.5",
        "supports-color": "5.4.0"
      },
      "dependencies": {
        "supports-color": {
          "version": "5.4.0",
          "resolved": "http://artifactory-prd.prd.betfair/artifactory/api/npm/npm/supports-color/-/supports-color-5.4.0.tgz",
          "integrity": "sha1-HGszdALCE3YF7+GfEP7DkPb6q1Q=",
          "requires": {
            "has-flag": "3.0.0"
          }
        }
      }
    },
    "chardet": {
      "version": "0.4.2",
      "resolved": "http://artifactory-prd.prd.betfair/artifactory/api/npm/npm/chardet/-/chardet-0.4.2.tgz",
      "integrity": "sha1-tUc7M9yXxCTl2Y3IfVXU2KKci/I="
    },
    "cli-cursor": {
      "version": "2.1.0",
      "resolved": "http://artifactory-prd.prd.betfair/artifactory/api/npm/npm/cli-cursor/-/cli-cursor-2.1.0.tgz",
      "integrity": "sha1-s12sN2R5+sw+lHR9QdDQ9SOP/LU=",
      "requires": {
        "restore-cursor": "2.0.0"
      }
    },
    "cli-width": {
      "version": "2.2.0",
      "resolved": "http://artifactory-prd.prd.betfair/artifactory/api/npm/npm/cli-width/-/cli-width-2.2.0.tgz",
      "integrity": "sha1-/xnt6Kml5XkyQUewwR8PvLq+1jk="
    },
    "co": {
      "version": "4.6.0",
      "resolved": "http://artifactory-prd.prd.betfair/artifactory/api/npm/npm/co/-/co-4.6.0.tgz",
      "integrity": "sha1-bqa989hTrlTMuOR7+gvz+QMfsYQ="
    },
    "color-convert": {
      "version": "1.9.2",
      "resolved": "http://artifactory-prd.prd.betfair/artifactory/api/npm/npm/color-convert/-/color-convert-1.9.2.tgz",
      "integrity": "sha1-SYgbj7pn3xKpa98/VsCqueeRMUc=",
      "requires": {
        "color-name": "1.1.1"
      }
    },
    "color-name": {
      "version": "1.1.1",
      "resolved": "http://artifactory-prd.prd.betfair/artifactory/api/npm/npm/color-name/-/color-name-1.1.1.tgz",
      "integrity": "sha1-SxQVMEz1ACjqgWQ2Q72C6gWANok="
    },
    "combined-stream": {
      "version": "1.0.6",
      "resolved": "http://artifactory-prd.prd.betfair/artifactory/api/npm/npm/combined-stream/-/combined-stream-1.0.6.tgz",
      "integrity": "sha1-cj599ugBrFYTETp+RFqbactjKBg=",
      "requires": {
        "delayed-stream": "1.0.0"
      }
    },
    "compress-commons": {
      "version": "1.2.2",
      "resolved": "http://artifactory-prd.prd.betfair/artifactory/api/npm/npm/compress-commons/-/compress-commons-1.2.2.tgz",
      "integrity": "sha1-UkqfEJA/OoEzibAiXSfEi7dRiQ8=",
      "requires": {
        "buffer-crc32": "0.2.13",
        "crc32-stream": "2.0.0",
        "normalize-path": "2.1.1",
        "readable-stream": "2.3.6"
      }
    },
    "concat-map": {
      "version": "0.0.1",
      "resolved": "http://artifactory-prd.prd.betfair/artifactory/api/npm/npm/concat-map/-/concat-map-0.0.1.tgz",
      "integrity": "sha1-2Klr13/Wjfd5OnMDajug1UBdR3s="
    },
    "core-js": {
      "version": "2.5.7",
      "resolved": "http://artifactory-prd.prd.betfair/artifactory/api/npm/npm/core-js/-/core-js-2.5.7.tgz",
      "integrity": "sha1-+XJgj/DOrWi4QaFqky0LGDeRgU4="
    },
    "core-util-is": {
      "version": "1.0.2",
      "resolved": "http://artifactory-prd.prd.betfair/artifactory/api/npm/npm/core-util-is/-/core-util-is-1.0.2.tgz",
      "integrity": "sha1-tf1UIgqivFq1eqtxQMlAdUUDwac="
    },
    "crc": {
      "version": "3.5.0",
      "resolved": "http://artifactory-prd.prd.betfair/artifactory/api/npm/npm/crc/-/crc-3.5.0.tgz",
      "integrity": "sha1-mLi6fUiWZbo5efWbITgTdBAaGWQ="
    },
    "crc32-stream": {
      "version": "2.0.0",
      "resolved": "http://artifactory-prd.prd.betfair/artifactory/api/npm/npm/crc32-stream/-/crc32-stream-2.0.0.tgz",
      "integrity": "sha1-483TtN8xaN10494/u8t7KX/pCPQ=",
      "requires": {
        "crc": "3.5.0",
        "readable-stream": "2.3.6"
      }
    },
    "cryptiles": {
      "version": "3.1.2",
      "resolved": "http://artifactory-prd.prd.betfair/artifactory/api/npm/npm/cryptiles/-/cryptiles-3.1.2.tgz",
      "integrity": "sha1-qJ+7Ig9c4l7FboxKqKT9e1sNKf4=",
      "requires": {
        "boom": "5.2.0"
      },
      "dependencies": {
        "boom": {
          "version": "5.2.0",
          "resolved": "http://artifactory-prd.prd.betfair/artifactory/api/npm/npm/boom/-/boom-5.2.0.tgz",
          "integrity": "sha1-XdnabuOl8wIHdDYpDLcX0/SlTgI=",
          "requires": {
            "hoek": "4.2.1"
          }
        }
      }
    },
    "css": {
      "version": "2.2.3",
      "resolved": "http://artifactory-prd.prd.betfair/artifactory/api/npm/npm/css/-/css-2.2.3.tgz",
      "integrity": "sha1-+GH0umHnm+3JYqpUjleA/ZXLxr4=",
      "requires": {
        "inherits": "2.0.3",
        "source-map": "0.1.43",
        "source-map-resolve": "0.5.2",
        "urix": "0.1.0"
      }
    },
    "css-parse": {
      "version": "2.0.0",
      "resolved": "http://artifactory-prd.prd.betfair/artifactory/api/npm/npm/css-parse/-/css-parse-2.0.0.tgz",
      "integrity": "sha1-pGjuZnwW2BzPBcWMONKpfHgNv9Q=",
      "requires": {
        "css": "2.2.3"
      }
    },
    "css-value": {
      "version": "0.0.1",
      "resolved": "http://artifactory-prd.prd.betfair/artifactory/api/npm/npm/css-value/-/css-value-0.0.1.tgz",
      "integrity": "sha1-Xv1sLupeof1rasV+wEJ7GEUkJOo="
    },
    "dashdash": {
      "version": "1.14.1",
      "resolved": "http://artifactory-prd.prd.betfair/artifactory/api/npm/npm/dashdash/-/dashdash-1.14.1.tgz",
      "integrity": "sha1-hTz6D3y+L+1d4gMmuN1YEDX24vA=",
      "requires": {
        "assert-plus": "1.0.0"
      }
    },
    "decode-uri-component": {
      "version": "0.2.0",
      "resolved": "http://artifactory-prd.prd.betfair/artifactory/api/npm/npm/decode-uri-component/-/decode-uri-component-0.2.0.tgz",
      "integrity": "sha1-6zkTMzRYd1y4TNGh+uBiEGu4dUU="
    },
    "deepmerge": {
      "version": "2.0.1",
      "resolved": "http://artifactory-prd.prd.betfair/artifactory/api/npm/npm/deepmerge/-/deepmerge-2.0.1.tgz",
      "integrity": "sha1-JcHCTxEPuRT4AAG5JSZN138/QxI="
    },
    "define-properties": {
      "version": "1.1.2",
      "resolved": "http://artifactory-prd.prd.betfair/artifactory/api/npm/npm/define-properties/-/define-properties-1.1.2.tgz",
      "integrity": "sha1-g6c/L+pWmJj7c3GTyPhzyvbUXJQ=",
      "dev": true,
      "requires": {
        "foreach": "2.0.5",
        "object-keys": "1.0.11"
      }
    },
    "delayed-stream": {
      "version": "1.0.0",
      "resolved": "http://artifactory-prd.prd.betfair/artifactory/api/npm/npm/delayed-stream/-/delayed-stream-1.0.0.tgz",
      "integrity": "sha1-3zrhmayt+31ECqrgsp4icrJOxhk="
    },
    "diff": {
      "version": "3.5.0",
      "resolved": "http://artifactory-prd.prd.betfair/artifactory/api/npm/npm/diff/-/diff-3.5.0.tgz",
      "integrity": "sha1-gAwN0eCov7yVg1wgKtIg/jF+WhI="
    },
    "ecc-jsbn": {
      "version": "0.1.1",
      "resolved": "http://artifactory-prd.prd.betfair/artifactory/api/npm/npm/ecc-jsbn/-/ecc-jsbn-0.1.1.tgz",
      "integrity": "sha1-D8c6ntXw1Tw4GTOYUj735UN3dQU=",
      "optional": true,
      "requires": {
        "jsbn": "0.1.1"
      }
    },
    "ejs": {
      "version": "2.5.9",
      "resolved": "http://artifactory-prd.prd.betfair/artifactory/api/npm/npm/ejs/-/ejs-2.5.9.tgz",
      "integrity": "sha1-e6JUWCpWDSZ0NxCaaDVBEkdbDOU="
    },
    "end-of-stream": {
      "version": "1.4.1",
      "resolved": "http://artifactory-prd.prd.betfair/artifactory/api/npm/npm/end-of-stream/-/end-of-stream-1.4.1.tgz",
      "integrity": "sha1-7SljTRm6ukY7bOa4CjchPqtx7EM=",
      "requires": {
        "once": "1.4.0"
      }
    },
    "escape-string-regexp": {
      "version": "1.0.5",
      "resolved": "http://artifactory-prd.prd.betfair/artifactory/api/npm/npm/escape-string-regexp/-/escape-string-regexp-1.0.5.tgz",
      "integrity": "sha1-G2HAViGQqN/2rjuyzwIAyhMLhtQ="
    },
    "extend": {
      "version": "3.0.1",
      "resolved": "http://artifactory-prd.prd.betfair/artifactory/api/npm/npm/extend/-/extend-3.0.1.tgz",
      "integrity": "sha1-p1Xqe8Gt/MWjHOfnYtuq3F5jZEQ="
    },
    "external-editor": {
      "version": "2.2.0",
      "resolved": "http://artifactory-prd.prd.betfair/artifactory/api/npm/npm/external-editor/-/external-editor-2.2.0.tgz",
      "integrity": "sha1-BFURz9jRM/OEZnPRBHwVTiFK09U=",
      "requires": {
        "chardet": "0.4.2",
        "iconv-lite": "0.4.23",
        "tmp": "0.0.33"
      }
    },
    "extsprintf": {
      "version": "1.3.0",
      "resolved": "http://artifactory-prd.prd.betfair/artifactory/api/npm/npm/extsprintf/-/extsprintf-1.3.0.tgz",
      "integrity": "sha1-lpGEQOMEGnpBT4xS48V06zw+HgU="
    },
    "fast-deep-equal": {
      "version": "1.1.0",
      "resolved": "http://artifactory-prd.prd.betfair/artifactory/api/npm/npm/fast-deep-equal/-/fast-deep-equal-1.1.0.tgz",
      "integrity": "sha1-wFNHeBfIa1HaqFPIHgWbcz0CNhQ="
    },
    "fast-json-stable-stringify": {
      "version": "2.0.0",
      "resolved": "http://artifactory-prd.prd.betfair/artifactory/api/npm/npm/fast-json-stable-stringify/-/fast-json-stable-stringify-2.0.0.tgz",
      "integrity": "sha1-1RQsDK7msRifh9OnYREGT4bIu/I="
    },
    "fibers": {
      "version": "2.0.2",
      "resolved": "http://artifactory-prd.prd.betfair/artifactory/api/npm/npm/fibers/-/fibers-2.0.2.tgz",
      "integrity": "sha1-Nttj6mHFQxdOImRnX+qMJ4M3E2Y=",
      "dev": true
    },
    "figures": {
      "version": "2.0.0",
      "resolved": "http://artifactory-prd.prd.betfair/artifactory/api/npm/npm/figures/-/figures-2.0.0.tgz",
      "integrity": "sha1-OrGi0qYsi/tDGgyUy3l6L84nyWI=",
      "requires": {
        "escape-string-regexp": "1.0.5"
      }
    },
    "foreach": {
      "version": "2.0.5",
      "resolved": "http://artifactory-prd.prd.betfair/artifactory/api/npm/npm/foreach/-/foreach-2.0.5.tgz",
      "integrity": "sha1-C+4AUBiusmDQo6865ljdATbsG5k=",
      "dev": true
    },
    "forever-agent": {
      "version": "0.6.1",
      "resolved": "http://artifactory-prd.prd.betfair/artifactory/api/npm/npm/forever-agent/-/forever-agent-0.6.1.tgz",
      "integrity": "sha1-+8cfDEGt6zf5bFd60e1C2P2sypE="
    },
    "form-data": {
      "version": "2.3.2",
      "resolved": "http://artifactory-prd.prd.betfair/artifactory/api/npm/npm/form-data/-/form-data-2.3.2.tgz",
      "integrity": "sha1-SXBJi+YEwgwAXU9cI67NIda0kJk=",
      "requires": {
        "asynckit": "0.4.0",
        "combined-stream": "1.0.6",
        "mime-types": "2.1.18"
      }
    },
    "fs-constants": {
      "version": "1.0.0",
      "resolved": "http://artifactory-prd.prd.betfair/artifactory/api/npm/npm/fs-constants/-/fs-constants-1.0.0.tgz",
      "integrity": "sha1-a+Dem+mYzhavivwkSXue6bfM2a0="
    },
    "fs.realpath": {
      "version": "1.0.0",
      "resolved": "http://artifactory-prd.prd.betfair/artifactory/api/npm/npm/fs.realpath/-/fs.realpath-1.0.0.tgz",
      "integrity": "sha1-FQStJSMVjKpA20onh8sBQRmU6k8="
    },
    "function-bind": {
      "version": "1.1.1",
      "resolved": "http://artifactory-prd.prd.betfair/artifactory/api/npm/npm/function-bind/-/function-bind-1.1.1.tgz",
      "integrity": "sha1-pWiZ0+o8m6uHS7l3O3xe3pL0iV0=",
      "dev": true
    },
    "gaze": {
      "version": "1.1.3",
      "resolved": "http://artifactory-prd.prd.betfair/artifactory/api/npm/npm/gaze/-/gaze-1.1.3.tgz",
      "integrity": "sha1-xEFzPhO5J6yMD/C0w7Az8ogSkko=",
      "requires": {
        "globule": "1.2.1"
      }
    },
    "getpass": {
      "version": "0.1.7",
      "resolved": "http://artifactory-prd.prd.betfair/artifactory/api/npm/npm/getpass/-/getpass-0.1.7.tgz",
      "integrity": "sha1-Xv+OPmhNVprkyysSgmBOi6YhSfo=",
      "requires": {
        "assert-plus": "1.0.0"
      }
    },
    "glob": {
      "version": "7.1.2",
      "resolved": "http://artifactory-prd.prd.betfair/artifactory/api/npm/npm/glob/-/glob-7.1.2.tgz",
      "integrity": "sha1-wZyd+aAocC1nhhI4SmVSQExjbRU=",
      "requires": {
        "fs.realpath": "1.0.0",
        "inflight": "1.0.6",
        "inherits": "2.0.3",
        "minimatch": "3.0.4",
        "once": "1.4.0",
        "path-is-absolute": "1.0.1"
      }
    },
    "globule": {
      "version": "1.2.1",
      "resolved": "http://artifactory-prd.prd.betfair/artifactory/api/npm/npm/globule/-/globule-1.2.1.tgz",
      "integrity": "sha1-Xf+xsZHyLSB5epNptJ6rTpg5aW0=",
      "requires": {
        "glob": "7.1.2",
        "lodash": "4.17.10",
        "minimatch": "3.0.4"
      }
    },
    "graceful-fs": {
      "version": "4.1.11",
      "resolved": "http://artifactory-prd.prd.betfair/artifactory/api/npm/npm/graceful-fs/-/graceful-fs-4.1.11.tgz",
      "integrity": "sha1-Dovf5NHduIVNZOBOp8AOKgJuVlg="
    },
    "har-schema": {
      "version": "2.0.0",
      "resolved": "http://artifactory-prd.prd.betfair/artifactory/api/npm/npm/har-schema/-/har-schema-2.0.0.tgz",
      "integrity": "sha1-qUwiJOvKwEeCoNkDVSHyRzW37JI="
    },
    "har-validator": {
      "version": "5.0.3",
      "resolved": "http://artifactory-prd.prd.betfair/artifactory/api/npm/npm/har-validator/-/har-validator-5.0.3.tgz",
      "integrity": "sha1-ukAsJmGU8VlW7xXg/PJCmT9qff0=",
      "requires": {
        "ajv": "5.5.2",
        "har-schema": "2.0.0"
      }
    },
    "has-flag": {
      "version": "3.0.0",
      "resolved": "http://artifactory-prd.prd.betfair/artifactory/api/npm/npm/has-flag/-/has-flag-3.0.0.tgz",
      "integrity": "sha1-tdRU3CGZriJWmfNGfloH87lVuv0="
    },
    "has-symbols": {
      "version": "1.0.0",
      "resolved": "http://artifactory-prd.prd.betfair/artifactory/api/npm/npm/has-symbols/-/has-symbols-1.0.0.tgz",
      "integrity": "sha1-uhqPGvKg/DllD1yFA2dwQSIGO0Q=",
      "dev": true
    },
    "hawk": {
      "version": "6.0.2",
      "resolved": "http://artifactory-prd.prd.betfair/artifactory/api/npm/npm/hawk/-/hawk-6.0.2.tgz",
      "integrity": "sha1-r02RTrBl+bXOTZ0RwcshJu7MMDg=",
      "requires": {
        "boom": "4.3.1",
        "cryptiles": "3.1.2",
        "hoek": "4.2.1",
        "sntp": "2.1.0"
      }
    },
    "hoek": {
      "version": "4.2.1",
      "resolved": "http://artifactory-prd.prd.betfair/artifactory/api/npm/npm/hoek/-/hoek-4.2.1.tgz",
      "integrity": "sha1-ljRQKqEsRF3Vp8VzS1cruHOKrLs="
    },
    "http-signature": {
      "version": "1.2.0",
      "resolved": "http://artifactory-prd.prd.betfair/artifactory/api/npm/npm/http-signature/-/http-signature-1.2.0.tgz",
      "integrity": "sha1-muzZJRFHcvPZW2WmCruPfBj7rOE=",
      "requires": {
        "assert-plus": "1.0.0",
        "jsprim": "1.4.1",
        "sshpk": "1.14.2"
      }
    },
    "iconv-lite": {
      "version": "0.4.23",
      "resolved": "http://artifactory-prd.prd.betfair/artifactory/api/npm/npm/iconv-lite/-/iconv-lite-0.4.23.tgz",
      "integrity": "sha1-KXhx9jvlB63Pv8pxXQzQ7thOmmM=",
      "requires": {
        "safer-buffer": "2.1.2"
      }
    },
    "inflight": {
      "version": "1.0.6",
      "resolved": "http://artifactory-prd.prd.betfair/artifactory/api/npm/npm/inflight/-/inflight-1.0.6.tgz",
      "integrity": "sha1-Sb1jMdfQLQwJvJEKEHW6gWW1bfk=",
      "requires": {
        "once": "1.4.0",
        "wrappy": "1.0.2"
      }
    },
    "inherits": {
      "version": "2.0.3",
      "resolved": "http://artifactory-prd.prd.betfair/artifactory/api/npm/npm/inherits/-/inherits-2.0.3.tgz",
      "integrity": "sha1-Yzwsg+PaQqUC9SRmAiSA9CCCYd4="
    },
    "inquirer": {
      "version": "3.3.0",
      "resolved": "http://artifactory-prd.prd.betfair/artifactory/api/npm/npm/inquirer/-/inquirer-3.3.0.tgz",
      "integrity": "sha1-ndLyrXZdyrH/BEO0kUQqILoifck=",
      "requires": {
        "ansi-escapes": "3.1.0",
        "chalk": "2.4.1",
        "cli-cursor": "2.1.0",
        "cli-width": "2.2.0",
        "external-editor": "2.2.0",
        "figures": "2.0.0",
        "lodash": "4.17.10",
        "mute-stream": "0.0.7",
        "run-async": "2.3.0",
        "rx-lite": "4.0.8",
        "rx-lite-aggregates": "4.0.8",
        "string-width": "2.1.1",
        "strip-ansi": "4.0.0",
        "through": "2.3.8"
      }
    },
    "is-fullwidth-code-point": {
      "version": "2.0.0",
      "resolved": "http://artifactory-prd.prd.betfair/artifactory/api/npm/npm/is-fullwidth-code-point/-/is-fullwidth-code-point-2.0.0.tgz",
      "integrity": "sha1-o7MKXE8ZkYMWeqq5O+764937ZU8="
    },
    "is-promise": {
      "version": "2.1.0",
      "resolved": "http://artifactory-prd.prd.betfair/artifactory/api/npm/npm/is-promise/-/is-promise-2.1.0.tgz",
      "integrity": "sha1-eaKp7OfwlugPNtKy87wWwf9L8/o="
    },
    "is-typedarray": {
      "version": "1.0.0",
      "resolved": "http://artifactory-prd.prd.betfair/artifactory/api/npm/npm/is-typedarray/-/is-typedarray-1.0.0.tgz",
      "integrity": "sha1-5HnICFjfDBsR3dppQPlgEfzaSpo="
    },
    "isarray": {
      "version": "1.0.0",
      "resolved": "http://artifactory-prd.prd.betfair/artifactory/api/npm/npm/isarray/-/isarray-1.0.0.tgz",
      "integrity": "sha1-u5NdSFgsuhaMBoNJV6VKPgcSTxE="
    },
    "isstream": {
      "version": "0.1.2",
      "resolved": "http://artifactory-prd.prd.betfair/artifactory/api/npm/npm/isstream/-/isstream-0.1.2.tgz",
      "integrity": "sha1-R+Y/evVa+m+S4VAOaQ64uFKcCZo="
    },
    "jasmine": {
      "version": "3.1.0",
      "resolved": "http://artifactory-prd.prd.betfair/artifactory/api/npm/npm/jasmine/-/jasmine-3.1.0.tgz",
      "integrity": "sha1-K9Wf1+xuwOistk4J9Fpo7SrRlSo=",
      "dev": true,
      "requires": {
        "glob": "7.1.2",
        "jasmine-core": "3.1.0"
      }
    },
    "jasmine-core": {
      "version": "3.1.0",
      "resolved": "http://artifactory-prd.prd.betfair/artifactory/api/npm/npm/jasmine-core/-/jasmine-core-3.1.0.tgz",
      "integrity": "sha1-pHheE11d9lAk38kiSVPfWFvSdmw=",
      "dev": true
    },
    "jsbn": {
      "version": "0.1.1",
      "resolved": "http://artifactory-prd.prd.betfair/artifactory/api/npm/npm/jsbn/-/jsbn-0.1.1.tgz",
      "integrity": "sha1-peZUwuWi3rXyAdls77yoDA7y9RM=",
      "optional": true
    },
    "json-schema": {
      "version": "0.2.3",
      "resolved": "http://artifactory-prd.prd.betfair/artifactory/api/npm/npm/json-schema/-/json-schema-0.2.3.tgz",
      "integrity": "sha1-tIDIkuWaLwWVTOcnvT8qTogvnhM="
    },
    "json-schema-traverse": {
      "version": "0.3.1",
      "resolved": "http://artifactory-prd.prd.betfair/artifactory/api/npm/npm/json-schema-traverse/-/json-schema-traverse-0.3.1.tgz",
      "integrity": "sha1-NJptRMU6Ud6JtAgFxdXlm0F9M0A="
    },
    "json-stringify-safe": {
      "version": "5.0.1",
      "resolved": "http://artifactory-prd.prd.betfair/artifactory/api/npm/npm/json-stringify-safe/-/json-stringify-safe-5.0.1.tgz",
      "integrity": "sha1-Epai1Y/UXxmg9s4B1lcB4sc1tus="
    },
    "jsprim": {
      "version": "1.4.1",
      "resolved": "http://artifactory-prd.prd.betfair/artifactory/api/npm/npm/jsprim/-/jsprim-1.4.1.tgz",
      "integrity": "sha1-MT5mvB5cwG5Di8G3SZwuXFastqI=",
      "requires": {
        "assert-plus": "1.0.0",
        "extsprintf": "1.3.0",
        "json-schema": "0.2.3",
        "verror": "1.10.0"
      }
    },
    "lazystream": {
      "version": "1.0.0",
      "resolved": "http://artifactory-prd.prd.betfair/artifactory/api/npm/npm/lazystream/-/lazystream-1.0.0.tgz",
      "integrity": "sha1-9plf4PggOS9hOWvolGJAe7dxaOQ=",
      "requires": {
        "readable-stream": "2.3.6"
      }
    },
    "lodash": {
      "version": "4.17.10",
      "resolved": "http://artifactory-prd.prd.betfair/artifactory/api/npm/npm/lodash/-/lodash-4.17.10.tgz",
      "integrity": "sha1-G3eTz3JZ6jj7NmHU04syYK+K5Oc="
    },
    "make-error": {
      "version": "1.3.4",
      "resolved": "http://artifactory-prd.prd.betfair/artifactory/api/npm/npm/make-error/-/make-error-1.3.4.tgz",
      "integrity": "sha1-GZeO1XX56VRdL/jBPjO10Ypn1TU="
    },
    "mime-db": {
      "version": "1.33.0",
      "resolved": "http://artifactory-prd.prd.betfair/artifactory/api/npm/npm/mime-db/-/mime-db-1.33.0.tgz",
      "integrity": "sha1-o0kgUKXLm2NFBUHjnZeI0icng9s="
    },
    "mime-types": {
      "version": "2.1.18",
      "resolved": "http://artifactory-prd.prd.betfair/artifactory/api/npm/npm/mime-types/-/mime-types-2.1.18.tgz",
      "integrity": "sha1-bzI/YKg9ERRvgx/xH9ZuL+VQO7g=",
      "requires": {
        "mime-db": "1.33.0"
      }
    },
    "mimic-fn": {
      "version": "1.2.0",
      "resolved": "http://artifactory-prd.prd.betfair/artifactory/api/npm/npm/mimic-fn/-/mimic-fn-1.2.0.tgz",
      "integrity": "sha1-ggyGo5M0ZA6ZUWkovQP8qIBX0CI="
    },
    "minimatch": {
      "version": "3.0.4",
      "resolved": "http://artifactory-prd.prd.betfair/artifactory/api/npm/npm/minimatch/-/minimatch-3.0.4.tgz",
      "integrity": "sha1-UWbihkV/AzBgZL5Ul+jbsMPTIIM=",
      "requires": {
        "brace-expansion": "1.1.11"
      }
    },
    "minimist": {
      "version": "0.0.8",
      "resolved": "http://artifactory-prd.prd.betfair/artifactory/api/npm/npm/minimist/-/minimist-0.0.8.tgz",
      "integrity": "sha1-hX/Kv8M5fSYluCKCYuhqp6ARsF0="
    },
    "mkdirp": {
      "version": "0.5.1",
      "resolved": "http://artifactory-prd.prd.betfair/artifactory/api/npm/npm/mkdirp/-/mkdirp-0.5.1.tgz",
      "integrity": "sha1-MAV0OOrGz3+MR2fzhkjWaX11yQM=",
      "requires": {
        "minimist": "0.0.8"
      }
    },
    "mute-stream": {
      "version": "0.0.7",
      "resolved": "http://artifactory-prd.prd.betfair/artifactory/api/npm/npm/mute-stream/-/mute-stream-0.0.7.tgz",
      "integrity": "sha1-MHXOk7whuPq0PhvE2n6BFe0ee6s="
    },
    "normalize-path": {
      "version": "2.1.1",
      "resolved": "http://artifactory-prd.prd.betfair/artifactory/api/npm/npm/normalize-path/-/normalize-path-2.1.1.tgz",
      "integrity": "sha1-GrKLVW4Zg2Oowab35vogE3/mrtk=",
      "requires": {
        "remove-trailing-separator": "1.1.0"
      }
    },
    "npm-install-package": {
      "version": "2.1.0",
      "resolved": "http://artifactory-prd.prd.betfair/artifactory/api/npm/npm/npm-install-package/-/npm-install-package-2.1.0.tgz",
      "integrity": "sha1-1+/jz816sAYUuJbqUxGdyaslkSU="
    },
    "oauth-sign": {
      "version": "0.8.2",
      "resolved": "http://artifactory-prd.prd.betfair/artifactory/api/npm/npm/oauth-sign/-/oauth-sign-0.8.2.tgz",
      "integrity": "sha1-Rqarfwrq2N6unsBWV4C31O/rnUM="
    },
    "object-keys": {
      "version": "1.0.11",
      "resolved": "http://artifactory-prd.prd.betfair/artifactory/api/npm/npm/object-keys/-/object-keys-1.0.11.tgz",
      "integrity": "sha1-xUYBd4rVYPEULODgG8yotW0TQm0=",
      "dev": true
    },
    "object.assign": {
      "version": "4.1.0",
      "resolved": "http://artifactory-prd.prd.betfair/artifactory/api/npm/npm/object.assign/-/object.assign-4.1.0.tgz",
      "integrity": "sha1-lovxEA15Vrs8oIbwBvhGs7xACNo=",
      "dev": true,
      "requires": {
        "define-properties": "1.1.2",
        "function-bind": "1.1.1",
        "has-symbols": "1.0.0",
        "object-keys": "1.0.11"
      }
    },
    "once": {
      "version": "1.4.0",
      "resolved": "http://artifactory-prd.prd.betfair/artifactory/api/npm/npm/once/-/once-1.4.0.tgz",
      "integrity": "sha1-WDsap3WWHUsROsF9nFC6753Xa9E=",
      "requires": {
        "wrappy": "1.0.2"
      }
    },
    "onetime": {
      "version": "2.0.1",
      "resolved": "http://artifactory-prd.prd.betfair/artifactory/api/npm/npm/onetime/-/onetime-2.0.1.tgz",
      "integrity": "sha1-BnQoIw/WdEOyeUsiu6UotoZ5YtQ=",
      "requires": {
        "mimic-fn": "1.2.0"
      }
    },
    "optimist": {
      "version": "0.6.1",
      "resolved": "http://artifactory-prd.prd.betfair/artifactory/api/npm/npm/optimist/-/optimist-0.6.1.tgz",
      "integrity": "sha1-2j6nRob6IaGaERwybpDrFaAZZoY=",
      "requires": {
        "minimist": "0.0.8",
        "wordwrap": "0.0.3"
      }
    },
    "os-tmpdir": {
      "version": "1.0.2",
      "resolved": "http://artifactory-prd.prd.betfair/artifactory/api/npm/npm/os-tmpdir/-/os-tmpdir-1.0.2.tgz",
      "integrity": "sha1-u+Z0BseaqFxc/sdm/lc0VV36EnQ="
    },
    "path-is-absolute": {
      "version": "1.0.1",
      "resolved": "http://artifactory-prd.prd.betfair/artifactory/api/npm/npm/path-is-absolute/-/path-is-absolute-1.0.1.tgz",
      "integrity": "sha1-F0uSaHNVNP+8es5r9TpanhtcX18="
    },
    "performance-now": {
      "version": "2.1.0",
      "resolved": "http://artifactory-prd.prd.betfair/artifactory/api/npm/npm/performance-now/-/performance-now-2.1.0.tgz",
      "integrity": "sha1-Ywn04OX6kT7BxpMHrjZLSzd8nns="
    },
    "process-nextick-args": {
      "version": "2.0.0",
      "resolved": "http://artifactory-prd.prd.betfair/artifactory/api/npm/npm/process-nextick-args/-/process-nextick-args-2.0.0.tgz",
      "integrity": "sha1-o31zL0JxtKsa0HDTVQjoKQeI/6o="
    },
    "punycode": {
      "version": "1.4.1",
      "resolved": "http://artifactory-prd.prd.betfair/artifactory/api/npm/npm/punycode/-/punycode-1.4.1.tgz",
      "integrity": "sha1-wNWmOycYgArY4esPpSachN1BhF4="
    },
    "q": {
      "version": "1.5.1",
      "resolved": "http://artifactory-prd.prd.betfair/artifactory/api/npm/npm/q/-/q-1.5.1.tgz",
      "integrity": "sha1-fjL3W0E4EpHQRhHxvxQQmsAGUdc="
    },
    "qs": {
      "version": "6.5.2",
      "resolved": "http://artifactory-prd.prd.betfair/artifactory/api/npm/npm/qs/-/qs-6.5.2.tgz",
      "integrity": "sha1-yzroBuh0BERYTvFUzo7pjUA/PjY="
    },
    "querystring": {
      "version": "0.2.0",
      "resolved": "http://artifactory-prd.prd.betfair/artifactory/api/npm/npm/querystring/-/querystring-0.2.0.tgz",
      "integrity": "sha1-sgmEkgO7Jd+CDadW50cAWHhSFiA="
    },
    "readable-stream": {
      "version": "2.3.6",
      "resolved": "http://artifactory-prd.prd.betfair/artifactory/api/npm/npm/readable-stream/-/readable-stream-2.3.6.tgz",
      "integrity": "sha1-sRwn2IuP8fvgcGQ8+UsMea4bCq8=",
      "requires": {
        "core-util-is": "1.0.2",
        "inherits": "2.0.3",
        "isarray": "1.0.0",
        "process-nextick-args": "2.0.0",
        "safe-buffer": "5.1.2",
        "string_decoder": "1.1.1",
        "util-deprecate": "1.0.2"
      }
    },
    "regenerator-runtime": {
      "version": "0.11.1",
      "resolved": "http://artifactory-prd.prd.betfair/artifactory/api/npm/npm/regenerator-runtime/-/regenerator-runtime-0.11.1.tgz",
      "integrity": "sha1-vgWtf5v30i4Fb5cmzuUBf78Z4uk="
    },
    "remove-trailing-separator": {
      "version": "1.1.0",
      "resolved": "http://artifactory-prd.prd.betfair/artifactory/api/npm/npm/remove-trailing-separator/-/remove-trailing-separator-1.1.0.tgz",
      "integrity": "sha1-wkvOKig62tW8P1jg1IJJuSN52O8="
    },
    "request": {
      "version": "2.83.0",
      "resolved": "http://artifactory-prd.prd.betfair/artifactory/api/npm/npm/request/-/request-2.83.0.tgz",
      "integrity": "sha1-ygtl2gLtYpNYh4COb1EDgQNOM1Y=",
      "requires": {
        "aws-sign2": "0.7.0",
        "aws4": "1.7.0",
        "caseless": "0.12.0",
        "combined-stream": "1.0.6",
        "extend": "3.0.1",
        "forever-agent": "0.6.1",
        "form-data": "2.3.2",
        "har-validator": "5.0.3",
        "hawk": "6.0.2",
        "http-signature": "1.2.0",
        "is-typedarray": "1.0.0",
        "isstream": "0.1.2",
        "json-stringify-safe": "5.0.1",
        "mime-types": "2.1.18",
        "oauth-sign": "0.8.2",
        "performance-now": "2.1.0",
        "qs": "6.5.2",
        "safe-buffer": "5.1.2",
        "stringstream": "0.0.6",
        "tough-cookie": "2.3.4",
        "tunnel-agent": "0.6.0",
        "uuid": "3.2.1"
      }
    },
    "resolve-url": {
      "version": "0.2.1",
      "resolved": "http://artifactory-prd.prd.betfair/artifactory/api/npm/npm/resolve-url/-/resolve-url-0.2.1.tgz",
      "integrity": "sha1-LGN/53yJOv0qZj/iGqkIAGjiBSo="
    },
    "restore-cursor": {
      "version": "2.0.0",
      "resolved": "http://artifactory-prd.prd.betfair/artifactory/api/npm/npm/restore-cursor/-/restore-cursor-2.0.0.tgz",
      "integrity": "sha1-n37ih/gv0ybU/RYpI9YhKe7g368=",
      "requires": {
        "onetime": "2.0.1",
        "signal-exit": "3.0.2"
      }
    },
    "rgb2hex": {
      "version": "0.1.1",
      "resolved": "http://artifactory-prd.prd.betfair/artifactory/api/npm/npm/rgb2hex/-/rgb2hex-0.1.1.tgz",
      "integrity": "sha1-gavJIrYOkIekLD4c4gv2LSNZ5AA="
    },
    "run-async": {
      "version": "2.3.0",
      "resolved": "http://artifactory-prd.prd.betfair/artifactory/api/npm/npm/run-async/-/run-async-2.3.0.tgz",
      "integrity": "sha1-A3GrSuC91yDUFm19/aZP96RFpsA=",
      "requires": {
        "is-promise": "2.1.0"
      }
    },
    "rx-lite": {
      "version": "4.0.8",
      "resolved": "http://artifactory-prd.prd.betfair/artifactory/api/npm/npm/rx-lite/-/rx-lite-4.0.8.tgz",
      "integrity": "sha1-Cx4Rr4vESDbwSmQH6S2kJGe3lEQ="
    },
    "rx-lite-aggregates": {
      "version": "4.0.8",
      "resolved": "http://artifactory-prd.prd.betfair/artifactory/api/npm/npm/rx-lite-aggregates/-/rx-lite-aggregates-4.0.8.tgz",
      "integrity": "sha1-dTuHqJoRyVRnxKwWJsTvxOBcZ74=",
      "requires": {
        "rx-lite": "4.0.8"
      }
    },
    "safe-buffer": {
      "version": "5.1.2",
      "resolved": "http://artifactory-prd.prd.betfair/artifactory/api/npm/npm/safe-buffer/-/safe-buffer-5.1.2.tgz",
      "integrity": "sha1-mR7GnSluAxN0fVm9/St0XDX4go0="
    },
    "safer-buffer": {
      "version": "2.1.2",
      "resolved": "http://artifactory-prd.prd.betfair/artifactory/api/npm/npm/safer-buffer/-/safer-buffer-2.1.2.tgz",
      "integrity": "sha1-RPoWGwGHuVSd2Eu5GAL5vYOFzWo="
    },
    "signal-exit": {
      "version": "3.0.2",
      "resolved": "http://artifactory-prd.prd.betfair/artifactory/api/npm/npm/signal-exit/-/signal-exit-3.0.2.tgz",
      "integrity": "sha1-tf3AjxKH6hF4Yo5BXiUTK3NkbG0="
    },
    "sntp": {
      "version": "2.1.0",
      "resolved": "http://artifactory-prd.prd.betfair/artifactory/api/npm/npm/sntp/-/sntp-2.1.0.tgz",
      "integrity": "sha1-LGzsFP7cIiJznK+bXD2F0cxaLMg=",
      "requires": {
        "hoek": "4.2.1"
      }
    },
    "source-map": {
      "version": "0.1.43",
      "resolved": "http://artifactory-prd.prd.betfair/artifactory/api/npm/npm/source-map/-/source-map-0.1.43.tgz",
      "integrity": "sha1-wkvBRspRfBRx9drL4lcbK3+eM0Y=",
      "requires": {
        "amdefine": "1.0.1"
      }
    },
    "source-map-resolve": {
      "version": "0.5.2",
      "resolved": "http://artifactory-prd.prd.betfair/artifactory/api/npm/npm/source-map-resolve/-/source-map-resolve-0.5.2.tgz",
      "integrity": "sha1-cuLMNAlVQ+Q7LGKyxMENSpBU8lk=",
      "requires": {
        "atob": "2.1.1",
        "decode-uri-component": "0.2.0",
        "resolve-url": "0.2.1",
        "source-map-url": "0.4.0",
        "urix": "0.1.0"
      }
    },
    "source-map-support": {
      "version": "0.5.6",
      "resolved": "http://artifactory-prd.prd.betfair/artifactory/api/npm/npm/source-map-support/-/source-map-support-0.5.6.tgz",
      "integrity": "sha1-RDXO5Gsaq2K46GEM5g94gJHFHBM=",
      "requires": {
        "buffer-from": "1.1.0",
        "source-map": "0.6.1"
      },
      "dependencies": {
        "source-map": {
          "version": "0.6.1",
          "resolved": "http://artifactory-prd.prd.betfair/artifactory/api/npm/npm/source-map/-/source-map-0.6.1.tgz",
          "integrity": "sha1-dHIq8y6WFOnCh6jQu95IteLxomM="
        }
      }
    },
    "source-map-url": {
      "version": "0.4.0",
      "resolved": "http://artifactory-prd.prd.betfair/artifactory/api/npm/npm/source-map-url/-/source-map-url-0.4.0.tgz",
      "integrity": "sha1-PpNdfd1zYxuXZZlW1VEo6HtQhKM="
    },
    "sshpk": {
      "version": "1.14.2",
      "resolved": "http://artifactory-prd.prd.betfair/artifactory/api/npm/npm/sshpk/-/sshpk-1.14.2.tgz",
      "integrity": "sha1-xvxhZIo9nE52T9P8306hBeSSupg=",
      "requires": {
        "asn1": "0.2.3",
        "assert-plus": "1.0.0",
        "bcrypt-pbkdf": "1.0.1",
        "dashdash": "1.14.1",
        "ecc-jsbn": "0.1.1",
        "getpass": "0.1.7",
        "jsbn": "0.1.1",
        "safer-buffer": "2.1.2",
        "tweetnacl": "0.14.5"
      }
    },
    "string-width": {
      "version": "2.1.1",
      "resolved": "http://artifactory-prd.prd.betfair/artifactory/api/npm/npm/string-width/-/string-width-2.1.1.tgz",
      "integrity": "sha1-q5Pyeo3BPSjKyBXEYhQ6bZASrp4=",
      "requires": {
        "is-fullwidth-code-point": "2.0.0",
        "strip-ansi": "4.0.0"
      }
    },
    "string_decoder": {
      "version": "1.1.1",
      "resolved": "http://artifactory-prd.prd.betfair/artifactory/api/npm/npm/string_decoder/-/string_decoder-1.1.1.tgz",
      "integrity": "sha1-nPFhG6YmhdcDCunkujQUnDrwP8g=",
      "requires": {
        "safe-buffer": "5.1.2"
      }
    },
    "stringstream": {
      "version": "0.0.6",
      "resolved": "http://artifactory-prd.prd.betfair/artifactory/api/npm/npm/stringstream/-/stringstream-0.0.6.tgz",
      "integrity": "sha1-eIAiWw1K0Q4wkn0Weh1vL9OzOnI="
    },
    "strip-ansi": {
      "version": "4.0.0",
      "resolved": "http://artifactory-prd.prd.betfair/artifactory/api/npm/npm/strip-ansi/-/strip-ansi-4.0.0.tgz",
      "integrity": "sha1-qEeQIusaw2iocTibY1JixQXuNo8=",
      "requires": {
        "ansi-regex": "3.0.0"
      }
    },
    "supports-color": {
      "version": "5.0.1",
      "resolved": "http://artifactory-prd.prd.betfair/artifactory/api/npm/npm/supports-color/-/supports-color-5.0.1.tgz",
      "integrity": "sha1-HFMx8iJQyEICgFsvF63xZpnzo5o=",
      "requires": {
        "has-flag": "2.0.0"
      },
      "dependencies": {
        "has-flag": {
          "version": "2.0.0",
          "resolved": "http://artifactory-prd.prd.betfair/artifactory/api/npm/npm/has-flag/-/has-flag-2.0.0.tgz",
          "integrity": "sha1-6CB68cx7MNRGzHC3NLXovhj4jVE="
        }
      }
    },
    "tar-stream": {
      "version": "1.6.1",
      "resolved": "http://artifactory-prd.prd.betfair/artifactory/api/npm/npm/tar-stream/-/tar-stream-1.6.1.tgz",
      "integrity": "sha1-+E7xaWJp1iI8pI9uHu7eP36B85U=",
      "requires": {
        "bl": "1.2.2",
        "buffer-alloc": "1.2.0",
        "end-of-stream": "1.4.1",
        "fs-constants": "1.0.0",
        "readable-stream": "2.3.6",
        "to-buffer": "1.1.1",
        "xtend": "4.0.1"
      }
    },
    "through": {
      "version": "2.3.8",
      "resolved": "http://artifactory-prd.prd.betfair/artifactory/api/npm/npm/through/-/through-2.3.8.tgz",
      "integrity": "sha1-DdTJ/6q8NXlgsbckEV1+Doai4fU="
    },
    "tmp": {
      "version": "0.0.33",
      "resolved": "http://artifactory-prd.prd.betfair/artifactory/api/npm/npm/tmp/-/tmp-0.0.33.tgz",
      "integrity": "sha1-bTQzWIl2jSGyvNoKonfO07G/rfk=",
      "requires": {
        "os-tmpdir": "1.0.2"
      }
    },
    "to-buffer": {
      "version": "1.1.1",
      "resolved": "http://artifactory-prd.prd.betfair/artifactory/api/npm/npm/to-buffer/-/to-buffer-1.1.1.tgz",
      "integrity": "sha1-STvUj2LXxD/N7TE6A9ytsuEhOoA="
    },
    "tough-cookie": {
      "version": "2.3.4",
      "resolved": "http://artifactory-prd.prd.betfair/artifactory/api/npm/npm/tough-cookie/-/tough-cookie-2.3.4.tgz",
      "integrity": "sha1-7GDO44rGdQY//JelwYlwV47oNlU=",
      "requires": {
        "punycode": "1.4.1"
      }
    },
    "ts-node": {
      "version": "6.1.1",
      "resolved": "http://artifactory-prd.prd.betfair/artifactory/api/npm/npm/ts-node/-/ts-node-6.1.1.tgz",
      "integrity": "sha1-GWBxQKywYVBEH822G+Efc/e2ZX4=",
      "requires": {
        "arrify": "1.0.1",
        "diff": "3.5.0",
        "make-error": "1.3.4",
        "minimist": "1.2.0",
        "mkdirp": "0.5.1",
        "source-map-support": "0.5.6",
        "yn": "2.0.0"
      },
      "dependencies": {
        "minimist": {
          "version": "1.2.0",
          "resolved": "http://artifactory-prd.prd.betfair/artifactory/api/npm/npm/minimist/-/minimist-1.2.0.tgz",
          "integrity": "sha1-o1AIsg9BOD7sH7kU9M1d95omQoQ="
        }
      }
    },
    "tunnel-agent": {
      "version": "0.6.0",
      "resolved": "http://artifactory-prd.prd.betfair/artifactory/api/npm/npm/tunnel-agent/-/tunnel-agent-0.6.0.tgz",
      "integrity": "sha1-J6XeoGs2sEoKmWZ3SykIaPD8QP0=",
      "requires": {
        "safe-buffer": "5.1.2"
      }
    },
    "tweetnacl": {
      "version": "0.14.5",
      "resolved": "http://artifactory-prd.prd.betfair/artifactory/api/npm/npm/tweetnacl/-/tweetnacl-0.14.5.tgz",
      "integrity": "sha1-WuaBd/GS1EViadEIr6k/+HQ/T2Q=",
      "optional": true
    },
    "typescript": {
      "version": "2.9.1",
      "resolved": "http://artifactory-prd.prd.betfair/artifactory/api/npm/npm/typescript/-/typescript-2.9.1.tgz",
      "integrity": "sha1-/bGdLGehXRGZX9FWQONz4JqwmWE="
    },
    "urix": {
      "version": "0.1.0",
      "resolved": "http://artifactory-prd.prd.betfair/artifactory/api/npm/npm/urix/-/urix-0.1.0.tgz",
      "integrity": "sha1-2pN/emLiH+wf0Y1Js1wpNQZ6bHI="
    },
    "url": {
      "version": "0.11.0",
      "resolved": "http://artifactory-prd.prd.betfair/artifactory/api/npm/npm/url/-/url-0.11.0.tgz",
      "integrity": "sha1-ODjpfPxgUh63PFJajlW/3Z4uKPE=",
      "requires": {
        "punycode": "1.3.2",
        "querystring": "0.2.0"
      },
      "dependencies": {
        "punycode": {
          "version": "1.3.2",
          "resolved": "http://artifactory-prd.prd.betfair/artifactory/api/npm/npm/punycode/-/punycode-1.3.2.tgz",
          "integrity": "sha1-llOgNvt8HuQjQvIyXM7v6jkmxI0="
        }
      }
    },
    "util-deprecate": {
      "version": "1.0.2",
      "resolved": "http://artifactory-prd.prd.betfair/artifactory/api/npm/npm/util-deprecate/-/util-deprecate-1.0.2.tgz",
      "integrity": "sha1-RQ1Nyfpw3nMnYvvS1KKJgUGaDM8="
    },
    "uuid": {
      "version": "3.2.1",
      "resolved": "http://artifactory-prd.prd.betfair/artifactory/api/npm/npm/uuid/-/uuid-3.2.1.tgz",
      "integrity": "sha1-EsUou51Y0LkmXZovbw/ovhf/HxQ="
    },
    "verror": {
      "version": "1.10.0",
      "resolved": "http://artifactory-prd.prd.betfair/artifactory/api/npm/npm/verror/-/verror-1.10.0.tgz",
      "integrity": "sha1-OhBcoXBTr1XW4nDB+CiGguGNpAA=",
      "requires": {
        "assert-plus": "1.0.0",
        "core-util-is": "1.0.2",
        "extsprintf": "1.3.0"
      }
    },
    "wdio-dot-reporter": {
      "version": "0.0.9",
      "resolved": "http://artifactory-prd.prd.betfair/artifactory/api/npm/npm/wdio-dot-reporter/-/wdio-dot-reporter-0.0.9.tgz",
      "integrity": "sha1-kpsq2v1J1rBTT9oGjocxm0fjj+U="
    },
    "wdio-jasmine-framework": {
      "version": "0.3.4",
      "resolved": "http://artifactory-prd.prd.betfair/artifactory/api/npm/npm/wdio-jasmine-framework/-/wdio-jasmine-framework-0.3.4.tgz",
      "integrity": "sha1-mfoG/GeeCJyCmggIgDnZV0tv30U=",
      "dev": true,
      "requires": {
        "babel-runtime": "6.26.0",
        "jasmine": "3.1.0",
        "wdio-sync": "0.7.1"
      }
    },
    "wdio-sync": {
      "version": "0.7.1",
      "resolved": "http://artifactory-prd.prd.betfair/artifactory/api/npm/npm/wdio-sync/-/wdio-sync-0.7.1.tgz",
      "integrity": "sha1-AIR/u84WgmwyJWGPQlnSi2CkJIM=",
      "dev": true,
      "requires": {
        "babel-runtime": "6.26.0",
        "fibers": "2.0.2",
        "object.assign": "4.1.0"
      }
    },
    "webdriverio": {
      "version": "4.12.0",
      "resolved": "http://artifactory-prd.prd.betfair/artifactory/api/npm/npm/webdriverio/-/webdriverio-4.12.0.tgz",
      "integrity": "sha1-40De8nIYPIFopN0LOCMi+de+4Q0=",
      "requires": {
        "archiver": "2.1.1",
        "babel-runtime": "6.26.0",
        "css-parse": "2.0.0",
        "css-value": "0.0.1",
        "deepmerge": "2.0.1",
        "ejs": "2.5.9",
        "gaze": "1.1.3",
        "glob": "7.1.2",
        "inquirer": "3.3.0",
        "json-stringify-safe": "5.0.1",
        "mkdirp": "0.5.1",
        "npm-install-package": "2.1.0",
        "optimist": "0.6.1",
        "q": "1.5.1",
        "request": "2.83.0",
        "rgb2hex": "0.1.1",
        "safe-buffer": "5.1.2",
        "supports-color": "5.0.1",
        "url": "0.11.0",
        "wdio-dot-reporter": "0.0.9",
        "wgxpath": "1.0.0"
      }
    },
    "wgxpath": {
      "version": "1.0.0",
      "resolved": "http://artifactory-prd.prd.betfair/artifactory/api/npm/npm/wgxpath/-/wgxpath-1.0.0.tgz",
      "integrity": "sha1-7vikudVYzEla06mit1FZfs2a9pA="
    },
    "wordwrap": {
      "version": "0.0.3",
      "resolved": "http://artifactory-prd.prd.betfair/artifactory/api/npm/npm/wordwrap/-/wordwrap-0.0.3.tgz",
      "integrity": "sha1-o9XabNXAvAAI03I0u68b7WMFkQc="
    },
    "wrappy": {
      "version": "1.0.2",
      "resolved": "http://artifactory-prd.prd.betfair/artifactory/api/npm/npm/wrappy/-/wrappy-1.0.2.tgz",
      "integrity": "sha1-tSQ9jz7BqjXxNkYFvA0QNuMKtp8="
    },
    "xtend": {
      "version": "4.0.1",
      "resolved": "http://artifactory-prd.prd.betfair/artifactory/api/npm/npm/xtend/-/xtend-4.0.1.tgz",
      "integrity": "sha1-pcbVMr5lbiPbgg77lDofBJmNY68="
    },
    "yn": {
      "version": "2.0.0",
      "resolved": "http://artifactory-prd.prd.betfair/artifactory/api/npm/npm/yn/-/yn-2.0.0.tgz",
      "integrity": "sha1-5a2ryKz0CPY4X8dklWhMiOavaJo="
    },
    "zip-stream": {
      "version": "1.2.0",
      "resolved": "http://artifactory-prd.prd.betfair/artifactory/api/npm/npm/zip-stream/-/zip-stream-1.2.0.tgz",
      "integrity": "sha1-qLxF9MG0lpnGuQGYuqyqzbzUugQ=",
      "requires": {
        "archiver-utils": "1.3.0",
        "compress-commons": "1.2.2",
        "lodash": "4.17.10",
        "readable-stream": "2.3.6"
      }
    }
  }
}
